
Microsoft Visual Studio Solution File, Format Version 12.00
# Visual Studio 2013
VisualStudioVersion = 12.0.31101.0
MinimumVisualStudioVersion = 10.0.40219.1
Project("{FAE04EC0-301F-11D3-BF4B-00C04F79EFBC}") = "More.Net.Windows", "More.Net.Windows\More.Net.Windows.csproj", "{6333E248-2F8C-4DDC-AD87-292CE410435E}"
EndProject
Project("{2150E333-8FDC-42A3-9474-1A3956D46DE8}") = ".nuget", ".nuget", "{986CAA08-7096-42F8-9C15-D4044F245D58}"
	ProjectSection(SolutionItems) = preProject
		.nuget\NuGet.Config = .nuget\NuGet.Config
		.nuget\NuGet.exe = .nuget\NuGet.exe
		.nuget\NuGet.targets = .nuget\NuGet.targets
	EndProjectSection
EndProject
Project("{2150E333-8FDC-42A3-9474-1A3956D46DE8}") = ".git", ".git", "{EBCC58A4-C691-4401-89A3-7EB9128EFB02}"
	ProjectSection(SolutionItems) = preProject
		.gitattributes = .gitattributes
		.gitignore = .gitignore
	EndProjectSection
EndProject
Project("{FAE04EC0-301F-11D3-BF4B-00C04F79EFBC}") = "More.Net.Windows.Tests", "More.Net.Windows.Tests\More.Net.Windows.Tests.csproj", "{98625E53-6E3E-43A6-B35E-7A5F81C7BD56}"
EndProject
Global
	GlobalSection(SolutionConfigurationPlatforms) = preSolution
		Debug|Any CPU = Debug|Any CPU
		Release|Any CPU = Release|Any CPU
	EndGlobalSection
	GlobalSection(ProjectConfigurationPlatforms) = postSolution
		{6333E248-2F8C-4DDC-AD87-292CE410435E}.Debug|Any CPU.ActiveCfg = Debug|Any CPU
		{6333E248-2F8C-4DDC-AD87-292CE410435E}.Debug|Any CPU.Build.0 = Debug|Any CPU
		{6333E248-2F8C-4DDC-AD87-292CE410435E}.Release|Any CPU.ActiveCfg = Release|Any CPU
		{6333E248-2F8C-4DDC-AD87-292CE410435E}.Release|Any CPU.Build.0 = Release|Any CPU
		{98625E53-6E3E-43A6-B35E-7A5F81C7BD56}.Debug|Any CPU.ActiveCfg = Debug|Any CPU
		{98625E53-6E3E-43A6-B35E-7A5F81C7BD56}.Debug|Any CPU.Build.0 = Debug|Any CPU
		{98625E53-6E3E-43A6-B35E-7A5F81C7BD56}.Release|Any CPU.ActiveCfg = Release|Any CPU
		{98625E53-6E3E-43A6-B35E-7A5F81C7BD56}.Release|Any CPU.Build.0 = Release|Any CPU
	EndGlobalSection
	GlobalSection(SolutionProperties) = preSolution
		HideSolutionNode = FALSE
	EndGlobalSection
EndGlobal
